
Microsoft Visual Studio Solution File, Format Version 12.00
Project("{FAE04EC0-301F-11D3-BF4B-00C04F79EFBC}") = "lols", "lols\lols.csproj", "{92333B7E-D6EC-4B73-BFE2-5BE762C8E648}"
EndProject
Project("{2150E333-8FDC-42A3-9474-1A3956D46DE8}") = "build", "build", "{DFFF5774-3260-419C-9094-C7F30F326559}"
	ProjectSection(SolutionItems) = preProject
		global.json = global.json
		NuGet.Config = NuGet.Config
	EndProjectSection
EndProject
Global
	GlobalSection(SolutionConfigurationPlatforms) = preSolution
		Debug|Any CPU = Debug|Any CPU
		Release|Any CPU = Release|Any CPU
	EndGlobalSection
	GlobalSection(ProjectConfigurationPlatforms) = postSolution
		{92333B7E-D6EC-4B73-BFE2-5BE762C8E648}.Debug|Any CPU.ActiveCfg = Debug|Any CPU
		{92333B7E-D6EC-4B73-BFE2-5BE762C8E648}.Debug|Any CPU.Build.0 = Debug|Any CPU
		{92333B7E-D6EC-4B73-BFE2-5BE762C8E648}.Release|Any CPU.ActiveCfg = Release|Any CPU
		{92333B7E-D6EC-4B73-BFE2-5BE762C8E648}.Release|Any CPU.Build.0 = Release|Any CPU
	EndGlobalSection
EndGlobal
